// !$*UTF8*$!
{
	archiveVersion = 1;
	classes = {
	};
	objectVersion = 56;
	objects = {

/* Begin PBXBuildFile section */
		MPB001 /* InayaStudyApp/InayaStudyAppApp.swift in Sources */ = {isa = PBXBuildFile; fileRef = MPF001 /* InayaStudyApp/InayaStudyAppApp.swift */; };
		MPB002 /* InayaStudyApp/Models/Topic.swift in Sources */ = {isa = PBXBuildFile; fileRef = MPF002 /* InayaStudyApp/Models/Topic.swift */; };
		MPB003 /* InayaStudyApp/Models/TopicGame.swift in Sources */ = {isa = PBXBuildFile; fileRef = MPF003 /* InayaStudyApp/Models/TopicGame.swift */; };
		MPB004 /* InayaStudyApp/Models/PersistenceModels.swift in Sources */ = {isa = PBXBuildFile; fileRef = MPF004 /* InayaStudyApp/Models/PersistenceModels.swift */; };
		MPB005 /* InayaStudyApp/Models/CharacterState.swift in Sources */ = {isa = PBXBuildFile; fileRef = MPF005 /* InayaStudyApp/Models/CharacterState.swift */; };
		MPB006 /* InayaStudyApp/Data/TopicRegistry.swift in Sources */ = {isa = PBXBuildFile; fileRef = MPF006 /* InayaStudyApp/Data/TopicRegistry.swift */; };
		MPB007 /* InayaStudyApp/Data/AdventureMapLayout.swift in Sources */ = {isa = PBXBuildFile; fileRef = MPF007 /* InayaStudyApp/Data/AdventureMapLayout.swift */; };
		MPB008 /* InayaStudyApp/Data/TopicStudyGuide.swift in Sources */ = {isa = PBXBuildFile; fileRef = MPF008 /* InayaStudyApp/Data/TopicStudyGuide.swift */; };
		MPB009 /* InayaStudyApp/Services/ProblemGenerator.swift in Sources */ = {isa = PBXBuildFile; fileRef = MPF009 /* InayaStudyApp/Services/ProblemGenerator.swift */; };
		MPB010 /* InayaStudyApp/Services/ScienceProblemGenerator.swift in Sources */ = {isa = PBXBuildFile; fileRef = MPF010 /* InayaStudyApp/Services/ScienceProblemGenerator.swift */; };
		MPB011 /* InayaStudyApp/Services/ProgressStore.swift in Sources */ = {isa = PBXBuildFile; fileRef = MPF011 /* InayaStudyApp/Services/ProgressStore.swift */; };
		MPB012 /* InayaStudyApp/Services/SettingsStore.swift in Sources */ = {isa = PBXBuildFile; fileRef = MPF012 /* InayaStudyApp/Services/SettingsStore.swift */; };
		MPB013 /* InayaStudyApp/Services/RewardsStore.swift in Sources */ = {isa = PBXBuildFile; fileRef = MPF013 /* InayaStudyApp/Services/RewardsStore.swift */; };
		MPB014 /* InayaStudyApp/Services/UserProfileStore.swift in Sources */ = {isa = PBXBuildFile; fileRef = MPF014 /* InayaStudyApp/Services/UserProfileStore.swift */; };
		MPB015 /* InayaStudyApp/ViewModels/QuizViewModel.swift in Sources */ = {isa = PBXBuildFile; fileRef = MPF015 /* InayaStudyApp/ViewModels/QuizViewModel.swift */; };
		MPB016 /* InayaStudyApp/Helpers/Theme.swift in Sources */ = {isa = PBXBuildFile; fileRef = MPF016 /* InayaStudyApp/Helpers/Theme.swift */; };
		MPB017 /* InayaStudyApp/Helpers/Encouragement.swift in Sources */ = {isa = PBXBuildFile; fileRef = MPF017 /* InayaStudyApp/Helpers/Encouragement.swift */; };
		MPB018 /* InayaStudyApp/Helpers/MapProgressHelper.swift in Sources */ = {isa = PBXBuildFile; fileRef = MPF018 /* InayaStudyApp/Helpers/MapProgressHelper.swift */; };
		MPB019 /* InayaStudyApp/Helpers/SoundEffects.swift in Sources */ = {isa = PBXBuildFile; fileRef = MPF019 /* InayaStudyApp/Helpers/SoundEffects.swift */; };
		MPB020 /* InayaStudyApp/Helpers/SpeechManager.swift in Sources */ = {isa = PBXBuildFile; fileRef = MPF020 /* InayaStudyApp/Helpers/SpeechManager.swift */; };
		MPB021 /* InayaStudyApp/Helpers/Haptics.swift in Sources */ = {isa = PBXBuildFile; fileRef = MPF021 /* InayaStudyApp/Helpers/Haptics.swift */; };
		MPB022 /* InayaStudyApp/Helpers/KeychainPIN.swift in Sources */ = {isa = PBXBuildFile; fileRef = MPF022 /* InayaStudyApp/Helpers/KeychainPIN.swift */; };
		MPB023 /* InayaStudyApp/Views/RootView.swift in Sources */ = {isa = PBXBuildFile; fileRef = MPF023 /* InayaStudyApp/Views/RootView.swift */; };
		MPB024 /* InayaStudyApp/Views/HomeView.swift in Sources */ = {isa = PBXBuildFile; fileRef = MPF024 /* InayaStudyApp/Views/HomeView.swift */; };
		MPB025 /* InayaStudyApp/Views/TopicGridView.swift in Sources */ = {isa = PBXBuildFile; fileRef = MPF025 /* InayaStudyApp/Views/TopicGridView.swift */; };
		MPB026 /* InayaStudyApp/Views/SessionSetupView.swift in Sources */ = {isa = PBXBuildFile; fileRef = MPF026 /* InayaStudyApp/Views/SessionSetupView.swift */; };
		MPB027 /* InayaStudyApp/Views/Study/TopicActivityHubView.swift in Sources */ = {isa = PBXBuildFile; fileRef = MPF027 /* InayaStudyApp/Views/Study/TopicActivityHubView.swift */; };
		MPB028 /* InayaStudyApp/Views/Study/StudyWithSparkyView.swift in Sources */ = {isa = PBXBuildFile; fileRef = MPF028 /* InayaStudyApp/Views/Study/StudyWithSparkyView.swift */; };
		MPB029 /* InayaStudyApp/Views/Games/GameShellView.swift in Sources */ = {isa = PBXBuildFile; fileRef = MPF029 /* InayaStudyApp/Views/Games/GameShellView.swift */; };
		MPB030 /* InayaStudyApp/Views/Games/SparkyMatchGameView.swift in Sources */ = {isa = PBXBuildFile; fileRef = MPF030 /* InayaStudyApp/Views/Games/SparkyMatchGameView.swift */; };
		MPB031 /* InayaStudyApp/Views/Games/CoinCounterGameView.swift in Sources */ = {isa = PBXBuildFile; fileRef = MPF031 /* InayaStudyApp/Views/Games/CoinCounterGameView.swift */; };
		MPB032 /* InayaStudyApp/Views/Games/NumberHopGameView.swift in Sources */ = {isa = PBXBuildFile; fileRef = MPF032 /* InayaStudyApp/Views/Games/NumberHopGameView.swift */; };
		MPB033 /* InayaStudyApp/Views/Games/LifeCycleLineupGameView.swift in Sources */ = {isa = PBXBuildFile; fileRef = MPF033 /* InayaStudyApp/Views/Games/LifeCycleLineupGameView.swift */; };
		MPB034 /* InayaStudyApp/Views/Games/TopicGamesMenuView.swift in Sources */ = {isa = PBXBuildFile; fileRef = MPF034 /* InayaStudyApp/Views/Games/TopicGamesMenuView.swift */; };
		MPB035 /* InayaStudyApp/Views/QuizView.swift in Sources */ = {isa = PBXBuildFile; fileRef = MPF035 /* InayaStudyApp/Views/QuizView.swift */; };
		MPB036 /* InayaStudyApp/Views/ResultsView.swift in Sources */ = {isa = PBXBuildFile; fileRef = MPF036 /* InayaStudyApp/Views/ResultsView.swift */; };
		MPB037 /* InayaStudyApp/Views/ProgressView.swift in Sources */ = {isa = PBXBuildFile; fileRef = MPF037 /* InayaStudyApp/Views/ProgressView.swift */; };
		MPB038 /* InayaStudyApp/Views/SettingsView.swift in Sources */ = {isa = PBXBuildFile; fileRef = MPF038 /* InayaStudyApp/Views/SettingsView.swift */; };
		MPB039 /* InayaStudyApp/Views/Character/CharacterView.swift in Sources */ = {isa = PBXBuildFile; fileRef = MPF039 /* InayaStudyApp/Views/Character/CharacterView.swift */; };
		MPB040 /* InayaStudyApp/Views/Map/AdventureMapView.swift in Sources */ = {isa = PBXBuildFile; fileRef = MPF040 /* InayaStudyApp/Views/Map/AdventureMapView.swift */; };
		MPB041 /* InayaStudyApp/Views/Map/StreakRowView.swift in Sources */ = {isa = PBXBuildFile; fileRef = MPF041 /* InayaStudyApp/Views/Map/StreakRowView.swift */; };
		MPB042 /* InayaStudyApp/Views/Rewards/StarsEarnedView.swift in Sources */ = {isa = PBXBuildFile; fileRef = MPF042 /* InayaStudyApp/Views/Rewards/StarsEarnedView.swift */; };
		MPB043 /* InayaStudyApp/Views/Rewards/RewardBadgeView.swift in Sources */ = {isa = PBXBuildFile; fileRef = MPF043 /* InayaStudyApp/Views/Rewards/RewardBadgeView.swift */; };
		MPB044 /* InayaStudyApp/Views/Rewards/ProfileView.swift in Sources */ = {isa = PBXBuildFile; fileRef = MPF044 /* InayaStudyApp/Views/Rewards/ProfileView.swift */; };
		MPB045 /* InayaStudyApp/Views/Onboarding/OnboardingView.swift in Sources */ = {isa = PBXBuildFile; fileRef = MPF045 /* InayaStudyApp/Views/Onboarding/OnboardingView.swift */; };
		MPB046 /* InayaStudyApp/Views/Components/NumericKeypadView.swift in Sources */ = {isa = PBXBuildFile; fileRef = MPF046 /* InayaStudyApp/Views/Components/NumericKeypadView.swift */; };
		MPB047 /* InayaStudyApp/Views/Components/AdventureNumpadView.swift in Sources */ = {isa = PBXBuildFile; fileRef = MPF047 /* InayaStudyApp/Views/Components/AdventureNumpadView.swift */; };
		MPB048 /* InayaStudyApp/Views/Components/SharedComponents.swift in Sources */ = {isa = PBXBuildFile; fileRef = MPF048 /* InayaStudyApp/Views/Components/SharedComponents.swift */; };
		MPB049 /* InayaStudyApp/Views/Components/QuizKeyboardShortcuts.swift in Sources */ = {isa = PBXBuildFile; fileRef = MPF049 /* InayaStudyApp/Views/Components/QuizKeyboardShortcuts.swift */; };
		MPB050 /* InayaStudyApp/Views/Visuals/ClockFaceView.swift in Sources */ = {isa = PBXBuildFile; fileRef = MPF050 /* InayaStudyApp/Views/Visuals/ClockFaceView.swift */; };
		MPB051 /* InayaStudyApp/Views/Visuals/CoinRowView.swift in Sources */ = {isa = PBXBuildFile; fileRef = MPF051 /* InayaStudyApp/Views/Visuals/CoinRowView.swift */; };
		MPB052 /* InayaStudyApp/Views/Visuals/NumberLineView.swift in Sources */ = {isa = PBXBuildFile; fileRef = MPF052 /* InayaStudyApp/Views/Visuals/NumberLineView.swift */; };
		MPB053 /* InayaStudyApp/Views/Visuals/ArrayGridView.swift in Sources */ = {isa = PBXBuildFile; fileRef = MPF053 /* InayaStudyApp/Views/Visuals/ArrayGridView.swift */; };
		MPB054 /* InayaStudyApp/Views/Visuals/FractionCircleView.swift in Sources */ = {isa = PBXBuildFile; fileRef = MPF054 /* InayaStudyApp/Views/Visuals/FractionCircleView.swift */; };
		MPB055 /* InayaStudyApp/Views/Visuals/BarGraphView.swift in Sources */ = {isa = PBXBuildFile; fileRef = MPF055 /* InayaStudyApp/Views/Visuals/BarGraphView.swift */; };
		MPB056 /* InayaStudyApp/Views/Visuals/ProblemVisualView.swift in Sources */ = {isa = PBXBuildFile; fileRef = MPF056 /* InayaStudyApp/Views/Visuals/ProblemVisualView.swift */; };
		MPB057 /* InayaStudyApp/Views/Visuals/MatterStateView.swift in Sources */ = {isa = PBXBuildFile; fileRef = MPF057 /* InayaStudyApp/Views/Visuals/MatterStateView.swift */; };
		MPB058 /* InayaStudyApp/Views/Visuals/FoodChainView.swift in Sources */ = {isa = PBXBuildFile; fileRef = MPF058 /* InayaStudyApp/Views/Visuals/FoodChainView.swift */; };
		MPB059 /* InayaStudyApp/Views/Visuals/LifeCycleView.swift in Sources */ = {isa = PBXBuildFile; fileRef = MPF059 /* InayaStudyApp/Views/Visuals/LifeCycleView.swift */; };
		MPB060 /* InayaStudyApp/Views/Visuals/ScienceToolView.swift in Sources */ = {isa = PBXBuildFile; fileRef = MPF060 /* InayaStudyApp/Views/Visuals/ScienceToolView.swift */; };
		MPB100 /* InayaStudyApp/Assets.xcassets in Resources */ = {isa = PBXBuildFile; fileRef = MPF100 /* InayaStudyApp/Assets.xcassets */; };
		MPB200 /* InayaStudyAppTests/ProblemGeneratorTests.swift in Sources */ = {isa = PBXBuildFile; fileRef = MPF200 /* InayaStudyAppTests/ProblemGeneratorTests.swift */; };
		MPB061 /* InayaStudyApp/Protocols/ProblemGenerating.swift in Sources */ = {isa = PBXBuildFile; fileRef = MPF061 /* InayaStudyApp/Protocols/ProblemGenerating.swift */; };
		MPB062 /* InayaStudyApp/Models/SwiftDataModels.swift in Sources */ = {isa = PBXBuildFile; fileRef = MPF062 /* InayaStudyApp/Models/SwiftDataModels.swift */; };
		MPB063 /* InayaStudyApp/Services/ProgressMigration.swift in Sources */ = {isa = PBXBuildFile; fileRef = MPF063 /* InayaStudyApp/Services/ProgressMigration.swift */; };
		MPB064 /* InayaStudyApp/Views/Quiz/ReviewMissesView.swift in Sources */ = {isa = PBXBuildFile; fileRef = MPF064 /* InayaStudyApp/Views/Quiz/ReviewMissesView.swift */; };
		MPB065 /* InayaStudyApp/Views/Quiz/QuizCountdownTimer.swift in Sources */ = {isa = PBXBuildFile; fileRef = MPF065 /* InayaStudyApp/Views/Quiz/QuizCountdownTimer.swift */; };
		MPB066 /* InayaStudyApp/Views/Quiz/DifficultyNudgeBanner.swift in Sources */ = {isa = PBXBuildFile; fileRef = MPF066 /* InayaStudyApp/Views/Quiz/DifficultyNudgeBanner.swift */; };
		MPB067 /* InayaStudyApp/Games/GameKit.swift in Sources */ = {isa = PBXBuildFile; fileRef = MPF067 /* InayaStudyApp/Games/GameKit.swift */; };
		MPB068 /* InayaStudyApp/Games/GameCatalog.swift in Sources */ = {isa = PBXBuildFile; fileRef = MPF068 /* InayaStudyApp/Games/GameCatalog.swift */; };
		MPB069 /* InayaStudyApp/Games/GameContent.swift in Sources */ = {isa = PBXBuildFile; fileRef = MPF069 /* InayaStudyApp/Games/GameContent.swift */; };
		MPB070 /* InayaStudyApp/Games/SuiteGameShell.swift in Sources */ = {isa = PBXBuildFile; fileRef = MPF070 /* InayaStudyApp/Games/SuiteGameShell.swift */; };
		MPB085 /* InayaStudyApp/Games/GameProgressBar.swift in Sources */ = {isa = PBXBuildFile; fileRef = MPF085 /* InayaStudyApp/Games/GameProgressBar.swift */; };
		MPB071 /* InayaStudyApp/Services/GameSessionStore.swift in Sources */ = {isa = PBXBuildFile; fileRef = MPF071 /* InayaStudyApp/Services/GameSessionStore.swift */; };
		MPB072 /* InayaStudyApp/Views/Games/GamesHubView.swift in Sources */ = {isa = PBXBuildFile; fileRef = MPF072 /* InayaStudyApp/Views/Games/GamesHubView.swift */; };
		MPB073 /* InayaStudyApp/Games/GameRouter.swift in Sources */ = {isa = PBXBuildFile; fileRef = MPF073 /* InayaStudyApp/Games/GameRouter.swift */; };
		MPB074 /* InayaStudyApp/Games/Math/NumberNinjaGame.swift in Sources */ = {isa = PBXBuildFile; fileRef = MPF074 /* InayaStudyApp/Games/Math/NumberNinjaGame.swift */; };
		MPB075 /* InayaStudyApp/Games/Math/CoinCollectorGame.swift in Sources */ = {isa = PBXBuildFile; fileRef = MPF075 /* InayaStudyApp/Games/Math/CoinCollectorGame.swift */; };
		MPB076 /* InayaStudyApp/Games/Math/FractionFeastGame.swift in Sources */ = {isa = PBXBuildFile; fileRef = MPF076 /* InayaStudyApp/Games/Math/FractionFeastGame.swift */; };
		MPB077 /* InayaStudyApp/Games/Math/TimesBingoGame.swift in Sources */ = {isa = PBXBuildFile; fileRef = MPF077 /* InayaStudyApp/Games/Math/TimesBingoGame.swift */; };
		MPB078 /* InayaStudyApp/Games/Math/NumberLineJumpGame.swift in Sources */ = {isa = PBXBuildFile; fileRef = MPF078 /* InayaStudyApp/Games/Math/NumberLineJumpGame.swift */; };
		MPB079 /* InayaStudyApp/Games/Science/SortItGame.swift in Sources */ = {isa = PBXBuildFile; fileRef = MPF079 /* InayaStudyApp/Games/Science/SortItGame.swift */; };
		MPB080 /* InayaStudyApp/Games/Science/FoodWebBuilderGame.swift in Sources */ = {isa = PBXBuildFile; fileRef = MPF080 /* InayaStudyApp/Games/Science/FoodWebBuilderGame.swift */; };
		MPB081 /* InayaStudyApp/Games/Science/WeatherWatcherGame.swift in Sources */ = {isa = PBXBuildFile; fileRef = MPF081 /* InayaStudyApp/Games/Science/WeatherWatcherGame.swift */; };
		MPB082 /* InayaStudyApp/Games/Cross/QuizShowGame.swift in Sources */ = {isa = PBXBuildFile; fileRef = MPF082 /* InayaStudyApp/Games/Cross/QuizShowGame.swift */; };
		MPB083 /* InayaStudyApp/Games/Cross/DailyChallengeGame.swift in Sources */ = {isa = PBXBuildFile; fileRef = MPF083 /* InayaStudyApp/Games/Cross/DailyChallengeGame.swift */; };
		MPB084 /* InayaStudyApp/Games/Cross/BossBattleGame.swift in Sources */ = {isa = PBXBuildFile; fileRef = MPF084 /* InayaStudyApp/Games/Cross/BossBattleGame.swift */; };
		MPB086 /* InayaStudyApp/Data/CreatureCatalog.swift in Sources */ = {isa = PBXBuildFile; fileRef = MPF086 /* InayaStudyApp/Data/CreatureCatalog.swift */; };
		MPB087 /* InayaStudyApp/Helpers/StarChartHelper.swift in Sources */ = {isa = PBXBuildFile; fileRef = MPF087 /* InayaStudyApp/Helpers/StarChartHelper.swift */; };
		MPB088 /* InayaStudyApp/Views/Collection/StarChartView.swift in Sources */ = {isa = PBXBuildFile; fileRef = MPF088 /* InayaStudyApp/Views/Collection/StarChartView.swift */; };
		MPB089 /* InayaStudyApp/Views/Collection/CreatureCompendiumView.swift in Sources */ = {isa = PBXBuildFile; fileRef = MPF089 /* InayaStudyApp/Views/Collection/CreatureCompendiumView.swift */; };
		MPB090 /* InayaStudyApp/Games/Math/PatternPuzzlerGame.swift in Sources */ = {isa = PBXBuildFile; fileRef = MPF090 /* InayaStudyApp/Games/Math/PatternPuzzlerGame.swift */; };
		MPB091 /* InayaStudyApp/Games/Science/HabitatMatchGame.swift in Sources */ = {isa = PBXBuildFile; fileRef = MPF091 /* InayaStudyApp/Games/Science/HabitatMatchGame.swift */; };
		MPB092 /* InayaStudyApp/Games/Science/AnimalRescueGame.swift in Sources */ = {isa = PBXBuildFile; fileRef = MPF092 /* InayaStudyApp/Games/Science/AnimalRescueGame.swift */; };
		MPB093 /* InayaStudyApp/Games/Cross/MathDuelGame.swift in Sources */ = {isa = PBXBuildFile; fileRef = MPF093 /* InayaStudyApp/Games/Cross/MathDuelGame.swift */; };
		MPB094 /* InayaStudyApp/Services/BuilderStore.swift in Sources */ = {isa = PBXBuildFile; fileRef = MPF094 /* InayaStudyApp/Services/BuilderStore.swift */; };
		MPB095 /* InayaStudyApp/Games/Math/BubblePopGame.swift in Sources */ = {isa = PBXBuildFile; fileRef = MPF095 /* InayaStudyApp/Games/Math/BubblePopGame.swift */; };
		MPB096 /* InayaStudyApp/Games/Science/FrogFlyGame.swift in Sources */ = {isa = PBXBuildFile; fileRef = MPF096 /* InayaStudyApp/Games/Science/FrogFlyGame.swift */; };
		MPB097 /* InayaStudyApp/Games/Science/ShadowMatchGame.swift in Sources */ = {isa = PBXBuildFile; fileRef = MPF097 /* InayaStudyApp/Games/Science/ShadowMatchGame.swift */; };
		MPB098 /* InayaStudyApp/Games/Science/PotionLabGame.swift in Sources */ = {isa = PBXBuildFile; fileRef = MPF098 /* InayaStudyApp/Games/Science/PotionLabGame.swift */; };
		MPB099 /* InayaStudyApp/Games/Cross/UnderwaterExpeditionGame.swift in Sources */ = {isa = PBXBuildFile; fileRef = MPF099 /* InayaStudyApp/Games/Cross/UnderwaterExpeditionGame.swift */; };
		MPB101 /* InayaStudyApp/Games/Math/MeteorMathGame.swift in Sources */ = {isa = PBXBuildFile; fileRef = MPF101 /* InayaStudyApp/Games/Math/MeteorMathGame.swift */; };
		MPB110 /* InayaStudyApp/Games/Cross/MysteryIslandGame.swift in Sources */ = {isa = PBXBuildFile; fileRef = MPF102 /* InayaStudyApp/Games/Cross/MysteryIslandGame.swift */; };
		MPB111 /* InayaStudyApp/Games/Math/TimeTravelerGame.swift in Sources */ = {isa = PBXBuildFile; fileRef = MPF103 /* InayaStudyApp/Games/Math/TimeTravelerGame.swift */; };
		MPB112 /* InayaStudyApp/Games/Science/TerrariumBuilderGame.swift in Sources */ = {isa = PBXBuildFile; fileRef = MPF104 /* InayaStudyApp/Games/Science/TerrariumBuilderGame.swift */; };
		MPB113 /* InayaStudyApp/Games/Math/TownBuilderGame.swift in Sources */ = {isa = PBXBuildFile; fileRef = MPF105 /* InayaStudyApp/Games/Math/TownBuilderGame.swift */; };
		MPB115 /* InayaStudyApp/Services/SwiftDataSchemaMigration.swift in Sources */ = {isa = PBXBuildFile; fileRef = MPF115 /* InayaStudyApp/Services/SwiftDataSchemaMigration.swift */; };
		MPB201 /* InayaStudyAppTests/ScienceProblemGeneratorTests.swift in Sources */ = {isa = PBXBuildFile; fileRef = MPF201 /* InayaStudyAppTests/ScienceProblemGeneratorTests.swift */; };
		MPB202 /* InayaStudyAppTests/GameContentTests.swift in Sources */ = {isa = PBXBuildFile; fileRef = MPF202 /* InayaStudyAppTests/GameContentTests.swift */; };
		MPB210 /* InayaStudyApp/Data/POTCatchUpCatalog.swift in Sources */ = {isa = PBXBuildFile; fileRef = MPF210 /* InayaStudyApp/Data/POTCatchUpCatalog.swift */; };
		MPB211 /* InayaStudyApp/Views/Map/POTCatchUpMapView.swift in Sources */ = {isa = PBXBuildFile; fileRef = MPF211 /* InayaStudyApp/Views/Map/POTCatchUpMapView.swift */; };
		MPB212 /* InayaStudyApp/Data/MathPOT2Topics.swift in Sources */ = {isa = PBXBuildFile; fileRef = MPF212 /* InayaStudyApp/Data/MathPOT2Topics.swift */; };
		MPB213 /* InayaStudyApp/Services/POT2ProblemGenerator.swift in Sources */ = {isa = PBXBuildFile; fileRef = MPF213 /* InayaStudyApp/Services/POT2ProblemGenerator.swift */; };
		MPB214 /* InayaStudyApp/Views/Visuals/LineGraphView.swift in Sources */ = {isa = PBXBuildFile; fileRef = MPF214 /* InayaStudyApp/Views/Visuals/LineGraphView.swift */; };
		MPB215 /* InayaStudyApp/Views/Visuals/VennDiagramView.swift in Sources */ = {isa = PBXBuildFile; fileRef = MPF215 /* InayaStudyApp/Views/Visuals/VennDiagramView.swift */; };
		MPB216 /* InayaStudyApp/Views/Components/POT2TopicBadge.swift in Sources */ = {isa = PBXBuildFile; fileRef = MPF216 /* InayaStudyApp/Views/Components/POT2TopicBadge.swift */; };
		MPB217 /* InayaStudyApp/Views/Map/MathPOT2AcademySectionView.swift in Sources */ = {isa = PBXBuildFile; fileRef = MPF217 /* InayaStudyApp/Views/Map/MathPOT2AcademySectionView.swift */; };
/* End PBXBuildFile section */

/* Begin PBXContainerItemProxy section */
		MPX001 /* PBXContainerItemProxy */ = {
			isa = PBXContainerItemProxy;
			containerPortal = MPP000 /* Project object */;
			proxyType = 1;
			remoteGlobalIDString = MPT001;
			remoteInfo = InayaStudyApp;
		};
/* End PBXContainerItemProxy section */

/* Begin PBXFileReference section */
		MPF001 /* InayaStudyApp/InayaStudyAppApp.swift */ = {isa = PBXFileReference; lastKnownFileType = sourcecode.swift; path = InayaStudyApp/InayaStudyAppApp.swift; sourceTree = SOURCE_ROOT; };
		MPF002 /* InayaStudyApp/Models/Topic.swift */ = {isa = PBXFileReference; lastKnownFileType = sourcecode.swift; path = InayaStudyApp/Models/Topic.swift; sourceTree = SOURCE_ROOT; };
		MPF003 /* InayaStudyApp/Models/TopicGame.swift */ = {isa = PBXFileReference; lastKnownFileType = sourcecode.swift; path = InayaStudyApp/Models/TopicGame.swift; sourceTree = SOURCE_ROOT; };
		MPF004 /* InayaStudyApp/Models/PersistenceModels.swift */ = {isa = PBXFileReference; lastKnownFileType = sourcecode.swift; path = InayaStudyApp/Models/PersistenceModels.swift; sourceTree = SOURCE_ROOT; };
		MPF005 /* InayaStudyApp/Models/CharacterState.swift */ = {isa = PBXFileReference; lastKnownFileType = sourcecode.swift; path = InayaStudyApp/Models/CharacterState.swift; sourceTree = SOURCE_ROOT; };
		MPF006 /* InayaStudyApp/Data/TopicRegistry.swift */ = {isa = PBXFileReference; lastKnownFileType = sourcecode.swift; path = InayaStudyApp/Data/TopicRegistry.swift; sourceTree = SOURCE_ROOT; };
		MPF007 /* InayaStudyApp/Data/AdventureMapLayout.swift */ = {isa = PBXFileReference; lastKnownFileType = sourcecode.swift; path = InayaStudyApp/Data/AdventureMapLayout.swift; sourceTree = SOURCE_ROOT; };
		MPF008 /* InayaStudyApp/Data/TopicStudyGuide.swift */ = {isa = PBXFileReference; lastKnownFileType = sourcecode.swift; path = InayaStudyApp/Data/TopicStudyGuide.swift; sourceTree = SOURCE_ROOT; };
		MPF009 /* InayaStudyApp/Services/ProblemGenerator.swift */ = {isa = PBXFileReference; lastKnownFileType = sourcecode.swift; path = InayaStudyApp/Services/ProblemGenerator.swift; sourceTree = SOURCE_ROOT; };
		MPF010 /* InayaStudyApp/Services/ScienceProblemGenerator.swift */ = {isa = PBXFileReference; lastKnownFileType = sourcecode.swift; path = InayaStudyApp/Services/ScienceProblemGenerator.swift; sourceTree = SOURCE_ROOT; };
		MPF011 /* InayaStudyApp/Services/ProgressStore.swift */ = {isa = PBXFileReference; lastKnownFileType = sourcecode.swift; path = InayaStudyApp/Services/ProgressStore.swift; sourceTree = SOURCE_ROOT; };
		MPF012 /* InayaStudyApp/Services/SettingsStore.swift */ = {isa = PBXFileReference; lastKnownFileType = sourcecode.swift; path = InayaStudyApp/Services/SettingsStore.swift; sourceTree = SOURCE_ROOT; };
		MPF013 /* InayaStudyApp/Services/RewardsStore.swift */ = {isa = PBXFileReference; lastKnownFileType = sourcecode.swift; path = InayaStudyApp/Services/RewardsStore.swift; sourceTree = SOURCE_ROOT; };
		MPF014 /* InayaStudyApp/Services/UserProfileStore.swift */ = {isa = PBXFileReference; lastKnownFileType = sourcecode.swift; path = InayaStudyApp/Services/UserProfileStore.swift; sourceTree = SOURCE_ROOT; };
		MPF015 /* InayaStudyApp/ViewModels/QuizViewModel.swift */ = {isa = PBXFileReference; lastKnownFileType = sourcecode.swift; path = InayaStudyApp/ViewModels/QuizViewModel.swift; sourceTree = SOURCE_ROOT; };
		MPF016 /* InayaStudyApp/Helpers/Theme.swift */ = {isa = PBXFileReference; lastKnownFileType = sourcecode.swift; path = InayaStudyApp/Helpers/Theme.swift; sourceTree = SOURCE_ROOT; };
		MPF017 /* InayaStudyApp/Helpers/Encouragement.swift */ = {isa = PBXFileReference; lastKnownFileType = sourcecode.swift; path = InayaStudyApp/Helpers/Encouragement.swift; sourceTree = SOURCE_ROOT; };
		MPF018 /* InayaStudyApp/Helpers/MapProgressHelper.swift */ = {isa = PBXFileReference; lastKnownFileType = sourcecode.swift; path = InayaStudyApp/Helpers/MapProgressHelper.swift; sourceTree = SOURCE_ROOT; };
		MPF019 /* InayaStudyApp/Helpers/SoundEffects.swift */ = {isa = PBXFileReference; lastKnownFileType = sourcecode.swift; path = InayaStudyApp/Helpers/SoundEffects.swift; sourceTree = SOURCE_ROOT; };
		MPF020 /* InayaStudyApp/Helpers/SpeechManager.swift */ = {isa = PBXFileReference; lastKnownFileType = sourcecode.swift; path = InayaStudyApp/Helpers/SpeechManager.swift; sourceTree = SOURCE_ROOT; };
		MPF021 /* InayaStudyApp/Helpers/Haptics.swift */ = {isa = PBXFileReference; lastKnownFileType = sourcecode.swift; path = InayaStudyApp/Helpers/Haptics.swift; sourceTree = SOURCE_ROOT; };
		MPF022 /* InayaStudyApp/Helpers/KeychainPIN.swift */ = {isa = PBXFileReference; lastKnownFileType = sourcecode.swift; path = InayaStudyApp/Helpers/KeychainPIN.swift; sourceTree = SOURCE_ROOT; };
		MPF023 /* InayaStudyApp/Views/RootView.swift */ = {isa = PBXFileReference; lastKnownFileType = sourcecode.swift; path = InayaStudyApp/Views/RootView.swift; sourceTree = SOURCE_ROOT; };
		MPF024 /* InayaStudyApp/Views/HomeView.swift */ = {isa = PBXFileReference; lastKnownFileType = sourcecode.swift; path = InayaStudyApp/Views/HomeView.swift; sourceTree = SOURCE_ROOT; };
		MPF025 /* InayaStudyApp/Views/TopicGridView.swift */ = {isa = PBXFileReference; lastKnownFileType = sourcecode.swift; path = InayaStudyApp/Views/TopicGridView.swift; sourceTree = SOURCE_ROOT; };
		MPF026 /* InayaStudyApp/Views/SessionSetupView.swift */ = {isa = PBXFileReference; lastKnownFileType = sourcecode.swift; path = InayaStudyApp/Views/SessionSetupView.swift; sourceTree = SOURCE_ROOT; };
		MPF027 /* InayaStudyApp/Views/Study/TopicActivityHubView.swift */ = {isa = PBXFileReference; lastKnownFileType = sourcecode.swift; path = InayaStudyApp/Views/Study/TopicActivityHubView.swift; sourceTree = SOURCE_ROOT; };
		MPF028 /* InayaStudyApp/Views/Study/StudyWithSparkyView.swift */ = {isa = PBXFileReference; lastKnownFileType = sourcecode.swift; path = InayaStudyApp/Views/Study/StudyWithSparkyView.swift; sourceTree = SOURCE_ROOT; };
		MPF029 /* InayaStudyApp/Views/Games/GameShellView.swift */ = {isa = PBXFileReference; lastKnownFileType = sourcecode.swift; path = InayaStudyApp/Views/Games/GameShellView.swift; sourceTree = SOURCE_ROOT; };
		MPF030 /* InayaStudyApp/Views/Games/SparkyMatchGameView.swift */ = {isa = PBXFileReference; lastKnownFileType = sourcecode.swift; path = InayaStudyApp/Views/Games/SparkyMatchGameView.swift; sourceTree = SOURCE_ROOT; };
		MPF031 /* InayaStudyApp/Views/Games/CoinCounterGameView.swift */ = {isa = PBXFileReference; lastKnownFileType = sourcecode.swift; path = InayaStudyApp/Views/Games/CoinCounterGameView.swift; sourceTree = SOURCE_ROOT; };
		MPF032 /* InayaStudyApp/Views/Games/NumberHopGameView.swift */ = {isa = PBXFileReference; lastKnownFileType = sourcecode.swift; path = InayaStudyApp/Views/Games/NumberHopGameView.swift; sourceTree = SOURCE_ROOT; };
		MPF033 /* InayaStudyApp/Views/Games/LifeCycleLineupGameView.swift */ = {isa = PBXFileReference; lastKnownFileType = sourcecode.swift; path = InayaStudyApp/Views/Games/LifeCycleLineupGameView.swift; sourceTree = SOURCE_ROOT; };
		MPF034 /* InayaStudyApp/Views/Games/TopicGamesMenuView.swift */ = {isa = PBXFileReference; lastKnownFileType = sourcecode.swift; path = InayaStudyApp/Views/Games/TopicGamesMenuView.swift; sourceTree = SOURCE_ROOT; };
		MPF035 /* InayaStudyApp/Views/QuizView.swift */ = {isa = PBXFileReference; lastKnownFileType = sourcecode.swift; path = InayaStudyApp/Views/QuizView.swift; sourceTree = SOURCE_ROOT; };
		MPF036 /* InayaStudyApp/Views/ResultsView.swift */ = {isa = PBXFileReference; lastKnownFileType = sourcecode.swift; path = InayaStudyApp/Views/ResultsView.swift; sourceTree = SOURCE_ROOT; };
		MPF037 /* InayaStudyApp/Views/ProgressView.swift */ = {isa = PBXFileReference; lastKnownFileType = sourcecode.swift; path = InayaStudyApp/Views/ProgressView.swift; sourceTree = SOURCE_ROOT; };
		MPF038 /* InayaStudyApp/Views/SettingsView.swift */ = {isa = PBXFileReference; lastKnownFileType = sourcecode.swift; path = InayaStudyApp/Views/SettingsView.swift; sourceTree = SOURCE_ROOT; };
		MPF039 /* InayaStudyApp/Views/Character/CharacterView.swift */ = {isa = PBXFileReference; lastKnownFileType = sourcecode.swift; path = InayaStudyApp/Views/Character/CharacterView.swift; sourceTree = SOURCE_ROOT; };
		MPF040 /* InayaStudyApp/Views/Map/AdventureMapView.swift */ = {isa = PBXFileReference; lastKnownFileType = sourcecode.swift; path = InayaStudyApp/Views/Map/AdventureMapView.swift; sourceTree = SOURCE_ROOT; };
		MPF041 /* InayaStudyApp/Views/Map/StreakRowView.swift */ = {isa = PBXFileReference; lastKnownFileType = sourcecode.swift; path = InayaStudyApp/Views/Map/StreakRowView.swift; sourceTree = SOURCE_ROOT; };
		MPF042 /* InayaStudyApp/Views/Rewards/StarsEarnedView.swift */ = {isa = PBXFileReference; lastKnownFileType = sourcecode.swift; path = InayaStudyApp/Views/Rewards/StarsEarnedView.swift; sourceTree = SOURCE_ROOT; };
		MPF043 /* InayaStudyApp/Views/Rewards/RewardBadgeView.swift */ = {isa = PBXFileReference; lastKnownFileType = sourcecode.swift; path = InayaStudyApp/Views/Rewards/RewardBadgeView.swift; sourceTree = SOURCE_ROOT; };
		MPF044 /* InayaStudyApp/Views/Rewards/ProfileView.swift */ = {isa = PBXFileReference; lastKnownFileType = sourcecode.swift; path = InayaStudyApp/Views/Rewards/ProfileView.swift; sourceTree = SOURCE_ROOT; };
		MPF045 /* InayaStudyApp/Views/Onboarding/OnboardingView.swift */ = {isa = PBXFileReference; lastKnownFileType = sourcecode.swift; path = InayaStudyApp/Views/Onboarding/OnboardingView.swift; sourceTree = SOURCE_ROOT; };
		MPF046 /* InayaStudyApp/Views/Components/NumericKeypadView.swift */ = {isa = PBXFileReference; lastKnownFileType = sourcecode.swift; path = InayaStudyApp/Views/Components/NumericKeypadView.swift; sourceTree = SOURCE_ROOT; };
		MPF047 /* InayaStudyApp/Views/Components/AdventureNumpadView.swift */ = {isa = PBXFileReference; lastKnownFileType = sourcecode.swift; path = InayaStudyApp/Views/Components/AdventureNumpadView.swift; sourceTree = SOURCE_ROOT; };
		MPF048 /* InayaStudyApp/Views/Components/SharedComponents.swift */ = {isa = PBXFileReference; lastKnownFileType = sourcecode.swift; path = InayaStudyApp/Views/Components/SharedComponents.swift; sourceTree = SOURCE_ROOT; };
		MPF049 /* InayaStudyApp/Views/Components/QuizKeyboardShortcuts.swift */ = {isa = PBXFileReference; lastKnownFileType = sourcecode.swift; path = InayaStudyApp/Views/Components/QuizKeyboardShortcuts.swift; sourceTree = SOURCE_ROOT; };
		MPF050 /* InayaStudyApp/Views/Visuals/ClockFaceView.swift */ = {isa = PBXFileReference; lastKnownFileType = sourcecode.swift; path = InayaStudyApp/Views/Visuals/ClockFaceView.swift; sourceTree = SOURCE_ROOT; };
		MPF051 /* InayaStudyApp/Views/Visuals/CoinRowView.swift */ = {isa = PBXFileReference; lastKnownFileType = sourcecode.swift; path = InayaStudyApp/Views/Visuals/CoinRowView.swift; sourceTree = SOURCE_ROOT; };
		MPF052 /* InayaStudyApp/Views/Visuals/NumberLineView.swift */ = {isa = PBXFileReference; lastKnownFileType = sourcecode.swift; path = InayaStudyApp/Views/Visuals/NumberLineView.swift; sourceTree = SOURCE_ROOT; };
		MPF053 /* InayaStudyApp/Views/Visuals/ArrayGridView.swift */ = {isa = PBXFileReference; lastKnownFileType = sourcecode.swift; path = InayaStudyApp/Views/Visuals/ArrayGridView.swift; sourceTree = SOURCE_ROOT; };
		MPF054 /* InayaStudyApp/Views/Visuals/FractionCircleView.swift */ = {isa = PBXFileReference; lastKnownFileType = sourcecode.swift; path = InayaStudyApp/Views/Visuals/FractionCircleView.swift; sourceTree = SOURCE_ROOT; };
		MPF055 /* InayaStudyApp/Views/Visuals/BarGraphView.swift */ = {isa = PBXFileReference; lastKnownFileType = sourcecode.swift; path = InayaStudyApp/Views/Visuals/BarGraphView.swift; sourceTree = SOURCE_ROOT; };
		MPF056 /* InayaStudyApp/Views/Visuals/ProblemVisualView.swift */ = {isa = PBXFileReference; lastKnownFileType = sourcecode.swift; path = InayaStudyApp/Views/Visuals/ProblemVisualView.swift; sourceTree = SOURCE_ROOT; };
		MPF057 /* InayaStudyApp/Views/Visuals/MatterStateView.swift */ = {isa = PBXFileReference; lastKnownFileType = sourcecode.swift; path = InayaStudyApp/Views/Visuals/MatterStateView.swift; sourceTree = SOURCE_ROOT; };
		MPF058 /* InayaStudyApp/Views/Visuals/FoodChainView.swift */ = {isa = PBXFileReference; lastKnownFileType = sourcecode.swift; path = InayaStudyApp/Views/Visuals/FoodChainView.swift; sourceTree = SOURCE_ROOT; };
		MPF059 /* InayaStudyApp/Views/Visuals/LifeCycleView.swift */ = {isa = PBXFileReference; lastKnownFileType = sourcecode.swift; path = InayaStudyApp/Views/Visuals/LifeCycleView.swift; sourceTree = SOURCE_ROOT; };
		MPF060 /* InayaStudyApp/Views/Visuals/ScienceToolView.swift */ = {isa = PBXFileReference; lastKnownFileType = sourcecode.swift; path = InayaStudyApp/Views/Visuals/ScienceToolView.swift; sourceTree = SOURCE_ROOT; };
		MPF100 /* InayaStudyApp/Assets.xcassets */ = {isa = PBXFileReference; lastKnownFileType = folder.assetcatalog; path = InayaStudyApp/Assets.xcassets; sourceTree = SOURCE_ROOT; };
		MPF200 /* InayaStudyAppTests/ProblemGeneratorTests.swift */ = {isa = PBXFileReference; lastKnownFileType = sourcecode.swift; path = InayaStudyAppTests/ProblemGeneratorTests.swift; sourceTree = SOURCE_ROOT; };
		MPF900 /* InayaStudyApp.app */ = {isa = PBXFileReference; explicitFileType = wrapper.application; includeInIndex = 0; path = InayaStudyApp.app; sourceTree = BUILT_PRODUCTS_DIR; };
		MPF901 /* InayaStudyAppTests.xctest */ = {isa = PBXFileReference; explicitFileType = wrapper.cfbundle; includeInIndex = 0; path = InayaStudyAppTests.xctest; sourceTree = BUILT_PRODUCTS_DIR; };
		MPF061 /* InayaStudyApp/Protocols/ProblemGenerating.swift */ = {isa = PBXFileReference; lastKnownFileType = sourcecode.swift; path = InayaStudyApp/Protocols/ProblemGenerating.swift; sourceTree = SOURCE_ROOT; };
		MPF062 /* InayaStudyApp/Models/SwiftDataModels.swift */ = {isa = PBXFileReference; lastKnownFileType = sourcecode.swift; path = InayaStudyApp/Models/SwiftDataModels.swift; sourceTree = SOURCE_ROOT; };
		MPF063 /* InayaStudyApp/Services/ProgressMigration.swift */ = {isa = PBXFileReference; lastKnownFileType = sourcecode.swift; path = InayaStudyApp/Services/ProgressMigration.swift; sourceTree = SOURCE_ROOT; };
		MPF064 /* InayaStudyApp/Views/Quiz/ReviewMissesView.swift */ = {isa = PBXFileReference; lastKnownFileType = sourcecode.swift; path = InayaStudyApp/Views/Quiz/ReviewMissesView.swift; sourceTree = SOURCE_ROOT; };
		MPF065 /* InayaStudyApp/Views/Quiz/QuizCountdownTimer.swift */ = {isa = PBXFileReference; lastKnownFileType = sourcecode.swift; path = InayaStudyApp/Views/Quiz/QuizCountdownTimer.swift; sourceTree = SOURCE_ROOT; };
		MPF066 /* InayaStudyApp/Views/Quiz/DifficultyNudgeBanner.swift */ = {isa = PBXFileReference; lastKnownFileType = sourcecode.swift; path = InayaStudyApp/Views/Quiz/DifficultyNudgeBanner.swift; sourceTree = SOURCE_ROOT; };
		MPF067 /* InayaStudyApp/Games/GameKit.swift */ = {isa = PBXFileReference; lastKnownFileType = sourcecode.swift; path = InayaStudyApp/Games/GameKit.swift; sourceTree = SOURCE_ROOT; };
		MPF068 /* InayaStudyApp/Games/GameCatalog.swift */ = {isa = PBXFileReference; lastKnownFileType = sourcecode.swift; path = InayaStudyApp/Games/GameCatalog.swift; sourceTree = SOURCE_ROOT; };
		MPF069 /* InayaStudyApp/Games/GameContent.swift */ = {isa = PBXFileReference; lastKnownFileType = sourcecode.swift; path = InayaStudyApp/Games/GameContent.swift; sourceTree = SOURCE_ROOT; };
		MPF070 /* InayaStudyApp/Games/SuiteGameShell.swift */ = {isa = PBXFileReference; lastKnownFileType = sourcecode.swift; path = InayaStudyApp/Games/SuiteGameShell.swift; sourceTree = SOURCE_ROOT; };
		MPF085 /* InayaStudyApp/Games/GameProgressBar.swift */ = {isa = PBXFileReference; lastKnownFileType = sourcecode.swift; path = InayaStudyApp/Games/GameProgressBar.swift; sourceTree = SOURCE_ROOT; };
		MPF071 /* InayaStudyApp/Services/GameSessionStore.swift */ = {isa = PBXFileReference; lastKnownFileType = sourcecode.swift; path = InayaStudyApp/Services/GameSessionStore.swift; sourceTree = SOURCE_ROOT; };
		MPF072 /* InayaStudyApp/Views/Games/GamesHubView.swift */ = {isa = PBXFileReference; lastKnownFileType = sourcecode.swift; path = InayaStudyApp/Views/Games/GamesHubView.swift; sourceTree = SOURCE_ROOT; };
		MPF073 /* InayaStudyApp/Games/GameRouter.swift */ = {isa = PBXFileReference; lastKnownFileType = sourcecode.swift; path = InayaStudyApp/Games/GameRouter.swift; sourceTree = SOURCE_ROOT; };
		MPF074 /* InayaStudyApp/Games/Math/NumberNinjaGame.swift */ = {isa = PBXFileReference; lastKnownFileType = sourcecode.swift; path = InayaStudyApp/Games/Math/NumberNinjaGame.swift; sourceTree = SOURCE_ROOT; };
		MPF075 /* InayaStudyApp/Games/Math/CoinCollectorGame.swift */ = {isa = PBXFileReference; lastKnownFileType = sourcecode.swift; path = InayaStudyApp/Games/Math/CoinCollectorGame.swift; sourceTree = SOURCE_ROOT; };
		MPF076 /* InayaStudyApp/Games/Math/FractionFeastGame.swift */ = {isa = PBXFileReference; lastKnownFileType = sourcecode.swift; path = InayaStudyApp/Games/Math/FractionFeastGame.swift; sourceTree = SOURCE_ROOT; };
		MPF077 /* InayaStudyApp/Games/Math/TimesBingoGame.swift */ = {isa = PBXFileReference; lastKnownFileType = sourcecode.swift; path = InayaStudyApp/Games/Math/TimesBingoGame.swift; sourceTree = SOURCE_ROOT; };
		MPF078 /* InayaStudyApp/Games/Math/NumberLineJumpGame.swift */ = {isa = PBXFileReference; lastKnownFileType = sourcecode.swift; path = InayaStudyApp/Games/Math/NumberLineJumpGame.swift; sourceTree = SOURCE_ROOT; };
		MPF079 /* InayaStudyApp/Games/Science/SortItGame.swift */ = {isa = PBXFileReference; lastKnownFileType = sourcecode.swift; path = InayaStudyApp/Games/Science/SortItGame.swift; sourceTree = SOURCE_ROOT; };
		MPF080 /* InayaStudyApp/Games/Science/FoodWebBuilderGame.swift */ = {isa = PBXFileReference; lastKnownFileType = sourcecode.swift; path = InayaStudyApp/Games/Science/FoodWebBuilderGame.swift; sourceTree = SOURCE_ROOT; };
		MPF081 /* InayaStudyApp/Games/Science/WeatherWatcherGame.swift */ = {isa = PBXFileReference; lastKnownFileType = sourcecode.swift; path = InayaStudyApp/Games/Science/WeatherWatcherGame.swift; sourceTree = SOURCE_ROOT; };
		MPF082 /* InayaStudyApp/Games/Cross/QuizShowGame.swift */ = {isa = PBXFileReference; lastKnownFileType = sourcecode.swift; path = InayaStudyApp/Games/Cross/QuizShowGame.swift; sourceTree = SOURCE_ROOT; };
		MPF083 /* InayaStudyApp/Games/Cross/DailyChallengeGame.swift */ = {isa = PBXFileReference; lastKnownFileType = sourcecode.swift; path = InayaStudyApp/Games/Cross/DailyChallengeGame.swift; sourceTree = SOURCE_ROOT; };
		MPF084 /* InayaStudyApp/Games/Cross/BossBattleGame.swift */ = {isa = PBXFileReference; lastKnownFileType = sourcecode.swift; path = InayaStudyApp/Games/Cross/BossBattleGame.swift; sourceTree = SOURCE_ROOT; };
		MPF086 /* InayaStudyApp/Data/CreatureCatalog.swift */ = {isa = PBXFileReference; lastKnownFileType = sourcecode.swift; path = InayaStudyApp/Data/CreatureCatalog.swift; sourceTree = SOURCE_ROOT; };
		MPF087 /* InayaStudyApp/Helpers/StarChartHelper.swift */ = {isa = PBXFileReference; lastKnownFileType = sourcecode.swift; path = InayaStudyApp/Helpers/StarChartHelper.swift; sourceTree = SOURCE_ROOT; };
		MPF088 /* InayaStudyApp/Views/Collection/StarChartView.swift */ = {isa = PBXFileReference; lastKnownFileType = sourcecode.swift; path = InayaStudyApp/Views/Collection/StarChartView.swift; sourceTree = SOURCE_ROOT; };
		MPF089 /* InayaStudyApp/Views/Collection/CreatureCompendiumView.swift */ = {isa = PBXFileReference; lastKnownFileType = sourcecode.swift; path = InayaStudyApp/Views/Collection/CreatureCompendiumView.swift; sourceTree = SOURCE_ROOT; };
		MPF090 /* InayaStudyApp/Games/Math/PatternPuzzlerGame.swift */ = {isa = PBXFileReference; lastKnownFileType = sourcecode.swift; path = InayaStudyApp/Games/Math/PatternPuzzlerGame.swift; sourceTree = SOURCE_ROOT; };
		MPF091 /* InayaStudyApp/Games/Science/HabitatMatchGame.swift */ = {isa = PBXFileReference; lastKnownFileType = sourcecode.swift; path = InayaStudyApp/Games/Science/HabitatMatchGame.swift; sourceTree = SOURCE_ROOT; };
		MPF092 /* InayaStudyApp/Games/Science/AnimalRescueGame.swift */ = {isa = PBXFileReference; lastKnownFileType = sourcecode.swift; path = InayaStudyApp/Games/Science/AnimalRescueGame.swift; sourceTree = SOURCE_ROOT; };
		MPF093 /* InayaStudyApp/Games/Cross/MathDuelGame.swift */ = {isa = PBXFileReference; lastKnownFileType = sourcecode.swift; path = InayaStudyApp/Games/Cross/MathDuelGame.swift; sourceTree = SOURCE_ROOT; };
		MPF094 /* InayaStudyApp/Services/BuilderStore.swift */ = {isa = PBXFileReference; lastKnownFileType = sourcecode.swift; path = InayaStudyApp/Services/BuilderStore.swift; sourceTree = SOURCE_ROOT; };
		MPF095 /* InayaStudyApp/Games/Math/BubblePopGame.swift */ = {isa = PBXFileReference; lastKnownFileType = sourcecode.swift; path = InayaStudyApp/Games/Math/BubblePopGame.swift; sourceTree = SOURCE_ROOT; };
		MPF096 /* InayaStudyApp/Games/Science/FrogFlyGame.swift */ = {isa = PBXFileReference; lastKnownFileType = sourcecode.swift; path = InayaStudyApp/Games/Science/FrogFlyGame.swift; sourceTree = SOURCE_ROOT; };
		MPF097 /* InayaStudyApp/Games/Science/ShadowMatchGame.swift */ = {isa = PBXFileReference; lastKnownFileType = sourcecode.swift; path = InayaStudyApp/Games/Science/ShadowMatchGame.swift; sourceTree = SOURCE_ROOT; };
		MPF098 /* InayaStudyApp/Games/Science/PotionLabGame.swift */ = {isa = PBXFileReference; lastKnownFileType = sourcecode.swift; path = InayaStudyApp/Games/Science/PotionLabGame.swift; sourceTree = SOURCE_ROOT; };
		MPF099 /* InayaStudyApp/Games/Cross/UnderwaterExpeditionGame.swift */ = {isa = PBXFileReference; lastKnownFileType = sourcecode.swift; path = InayaStudyApp/Games/Cross/UnderwaterExpeditionGame.swift; sourceTree = SOURCE_ROOT; };
		MPF101 /* InayaStudyApp/Games/Math/MeteorMathGame.swift */ = {isa = PBXFileReference; lastKnownFileType = sourcecode.swift; path = InayaStudyApp/Games/Math/MeteorMathGame.swift; sourceTree = SOURCE_ROOT; };
		MPF102 /* InayaStudyApp/Games/Cross/MysteryIslandGame.swift */ = {isa = PBXFileReference; lastKnownFileType = sourcecode.swift; path = InayaStudyApp/Games/Cross/MysteryIslandGame.swift; sourceTree = SOURCE_ROOT; };
		MPF103 /* InayaStudyApp/Games/Math/TimeTravelerGame.swift */ = {isa = PBXFileReference; lastKnownFileType = sourcecode.swift; path = InayaStudyApp/Games/Math/TimeTravelerGame.swift; sourceTree = SOURCE_ROOT; };
		MPF104 /* InayaStudyApp/Games/Science/TerrariumBuilderGame.swift */ = {isa = PBXFileReference; lastKnownFileType = sourcecode.swift; path = InayaStudyApp/Games/Science/TerrariumBuilderGame.swift; sourceTree = SOURCE_ROOT; };
		MPF105 /* InayaStudyApp/Games/Math/TownBuilderGame.swift */ = {isa = PBXFileReference; lastKnownFileType = sourcecode.swift; path = InayaStudyApp/Games/Math/TownBuilderGame.swift; sourceTree = SOURCE_ROOT; };
		MPF115 /* InayaStudyApp/Services/SwiftDataSchemaMigration.swift */ = {isa = PBXFileReference; lastKnownFileType = sourcecode.swift; path = InayaStudyApp/Services/SwiftDataSchemaMigration.swift; sourceTree = SOURCE_ROOT; };
		MPF201 /* InayaStudyAppTests/ScienceProblemGeneratorTests.swift */ = {isa = PBXFileReference; lastKnownFileType = sourcecode.swift; path = InayaStudyAppTests/ScienceProblemGeneratorTests.swift; sourceTree = SOURCE_ROOT; };
		MPF202 /* InayaStudyAppTests/GameContentTests.swift */ = {isa = PBXFileReference; lastKnownFileType = sourcecode.swift; path = InayaStudyAppTests/GameContentTests.swift; sourceTree = SOURCE_ROOT; };
		MPF210 /* InayaStudyApp/Data/POTCatchUpCatalog.swift */ = {isa = PBXFileReference; lastKnownFileType = sourcecode.swift; path = InayaStudyApp/Data/POTCatchUpCatalog.swift; sourceTree = SOURCE_ROOT; };
		MPF211 /* InayaStudyApp/Views/Map/POTCatchUpMapView.swift */ = {isa = PBXFileReference; lastKnownFileType = sourcecode.swift; path = InayaStudyApp/Views/Map/POTCatchUpMapView.swift; sourceTree = SOURCE_ROOT; };
		MPF212 /* InayaStudyApp/Data/MathPOT2Topics.swift */ = {isa = PBXFileReference; lastKnownFileType = sourcecode.swift; path = InayaStudyApp/Data/MathPOT2Topics.swift; sourceTree = SOURCE_ROOT; };
		MPF213 /* InayaStudyApp/Services/POT2ProblemGenerator.swift */ = {isa = PBXFileReference; lastKnownFileType = sourcecode.swift; path = InayaStudyApp/Services/POT2ProblemGenerator.swift; sourceTree = SOURCE_ROOT; };
		MPF214 /* InayaStudyApp/Views/Visuals/LineGraphView.swift */ = {isa = PBXFileReference; lastKnownFileType = sourcecode.swift; path = InayaStudyApp/Views/Visuals/LineGraphView.swift; sourceTree = SOURCE_ROOT; };
		MPF215 /* InayaStudyApp/Views/Visuals/VennDiagramView.swift */ = {isa = PBXFileReference; lastKnownFileType = sourcecode.swift; path = InayaStudyApp/Views/Visuals/VennDiagramView.swift; sourceTree = SOURCE_ROOT; };
		MPF216 /* InayaStudyApp/Views/Components/POT2TopicBadge.swift */ = {isa = PBXFileReference; lastKnownFileType = sourcecode.swift; path = InayaStudyApp/Views/Components/POT2TopicBadge.swift; sourceTree = SOURCE_ROOT; };
		MPF217 /* InayaStudyApp/Views/Map/MathPOT2AcademySectionView.swift */ = {isa = PBXFileReference; lastKnownFileType = sourcecode.swift; path = InayaStudyApp/Views/Map/MathPOT2AcademySectionView.swift; sourceTree = SOURCE_ROOT; };
/* End PBXFileReference section */

/* Begin PBXFrameworksBuildPhase section */
		MPP001 /* Frameworks */ = {
			isa = PBXFrameworksBuildPhase;
			buildActionMask = 2147483647;
			files = (
			);
			runOnlyForDeploymentPostprocessing = 0;
		};
		MPP002 /* Frameworks */ = {
			isa = PBXFrameworksBuildPhase;
			buildActionMask = 2147483647;
			files = (
			);
			runOnlyForDeploymentPostprocessing = 0;
		};
/* End PBXFrameworksBuildPhase section */

/* Begin PBXGroup section */
		MPG001 = {
			isa = PBXGroup;
			children = (
				MPG002 /* InayaStudyApp */,
				MPG003 /* InayaStudyAppTests */,
				MPG004 /* Products */,
			);
			sourceTree = "<group>";
		};
		MPG002 /* InayaStudyApp */ = {
			isa = PBXGroup;
			children = (
				MPF001 /* InayaStudyApp/InayaStudyAppApp.swift */,
				MPF002 /* InayaStudyApp/Models/Topic.swift */,
				MPF061 /* InayaStudyApp/Protocols/ProblemGenerating.swift */,
				MPF003 /* InayaStudyApp/Models/TopicGame.swift */,
				MPF004 /* InayaStudyApp/Models/PersistenceModels.swift */,
				MPF062 /* InayaStudyApp/Models/SwiftDataModels.swift */,
				MPF005 /* InayaStudyApp/Models/CharacterState.swift */,
				MPF006 /* InayaStudyApp/Data/TopicRegistry.swift */,
				MPF007 /* InayaStudyApp/Data/AdventureMapLayout.swift */,
				MPF210 /* InayaStudyApp/Data/POTCatchUpCatalog.swift */,
				MPF212 /* InayaStudyApp/Data/MathPOT2Topics.swift */,
				MPF008 /* InayaStudyApp/Data/TopicStudyGuide.swift */,
				MPF009 /* InayaStudyApp/Services/ProblemGenerator.swift */,
				MPF213 /* InayaStudyApp/Services/POT2ProblemGenerator.swift */,
				MPF010 /* InayaStudyApp/Services/ScienceProblemGenerator.swift */,
				MPF011 /* InayaStudyApp/Services/ProgressStore.swift */,
				MPF071 /* InayaStudyApp/Services/GameSessionStore.swift */,
				MPF063 /* InayaStudyApp/Services/ProgressMigration.swift */,
				MPF115 /* InayaStudyApp/Services/SwiftDataSchemaMigration.swift */,
				MPF012 /* InayaStudyApp/Services/SettingsStore.swift */,
				MPF013 /* InayaStudyApp/Services/RewardsStore.swift */,
				MPF014 /* InayaStudyApp/Services/UserProfileStore.swift */,
				MPF015 /* InayaStudyApp/ViewModels/QuizViewModel.swift */,
				MPF016 /* InayaStudyApp/Helpers/Theme.swift */,
				MPF017 /* InayaStudyApp/Helpers/Encouragement.swift */,
				MPF018 /* InayaStudyApp/Helpers/MapProgressHelper.swift */,
				MPF019 /* InayaStudyApp/Helpers/SoundEffects.swift */,
				MPF020 /* InayaStudyApp/Helpers/SpeechManager.swift */,
				MPF021 /* InayaStudyApp/Helpers/Haptics.swift */,
				MPF022 /* InayaStudyApp/Helpers/KeychainPIN.swift */,
				MPF023 /* InayaStudyApp/Views/RootView.swift */,
				MPF024 /* InayaStudyApp/Views/HomeView.swift */,
				MPF025 /* InayaStudyApp/Views/TopicGridView.swift */,
				MPF026 /* InayaStudyApp/Views/SessionSetupView.swift */,
				MPF027 /* InayaStudyApp/Views/Study/TopicActivityHubView.swift */,
				MPF028 /* InayaStudyApp/Views/Study/StudyWithSparkyView.swift */,
				MPF029 /* InayaStudyApp/Views/Games/GameShellView.swift */,
				MPF030 /* InayaStudyApp/Views/Games/SparkyMatchGameView.swift */,
				MPF031 /* InayaStudyApp/Views/Games/CoinCounterGameView.swift */,
				MPF032 /* InayaStudyApp/Views/Games/NumberHopGameView.swift */,
				MPF033 /* InayaStudyApp/Views/Games/LifeCycleLineupGameView.swift */,
				MPF034 /* InayaStudyApp/Views/Games/TopicGamesMenuView.swift */,
				MPF072 /* InayaStudyApp/Views/Games/GamesHubView.swift */,
				MPF067 /* InayaStudyApp/Games/GameKit.swift */,
				MPF068 /* InayaStudyApp/Games/GameCatalog.swift */,
				MPF069 /* InayaStudyApp/Games/GameContent.swift */,
				MPF070 /* InayaStudyApp/Games/SuiteGameShell.swift */,
				MPF085 /* InayaStudyApp/Games/GameProgressBar.swift */,
				MPF073 /* InayaStudyApp/Games/GameRouter.swift */,
				MPF074 /* InayaStudyApp/Games/Math/NumberNinjaGame.swift */,
				MPF075 /* InayaStudyApp/Games/Math/CoinCollectorGame.swift */,
				MPF076 /* InayaStudyApp/Games/Math/FractionFeastGame.swift */,
				MPF077 /* InayaStudyApp/Games/Math/TimesBingoGame.swift */,
				MPF078 /* InayaStudyApp/Games/Math/NumberLineJumpGame.swift */,
				MPF079 /* InayaStudyApp/Games/Science/SortItGame.swift */,
				MPF080 /* InayaStudyApp/Games/Science/FoodWebBuilderGame.swift */,
				MPF081 /* InayaStudyApp/Games/Science/WeatherWatcherGame.swift */,
				MPF082 /* InayaStudyApp/Games/Cross/QuizShowGame.swift */,
				MPF083 /* InayaStudyApp/Games/Cross/DailyChallengeGame.swift */,
				MPF084 /* InayaStudyApp/Games/Cross/BossBattleGame.swift */,
				MPF086 /* InayaStudyApp/Data/CreatureCatalog.swift */,
				MPF087 /* InayaStudyApp/Helpers/StarChartHelper.swift */,
				MPF088 /* InayaStudyApp/Views/Collection/StarChartView.swift */,
				MPF089 /* InayaStudyApp/Views/Collection/CreatureCompendiumView.swift */,
				MPF090 /* InayaStudyApp/Games/Math/PatternPuzzlerGame.swift */,
				MPF091 /* InayaStudyApp/Games/Science/HabitatMatchGame.swift */,
				MPF092 /* InayaStudyApp/Games/Science/AnimalRescueGame.swift */,
				MPF093 /* InayaStudyApp/Games/Cross/MathDuelGame.swift */,
				MPF094 /* InayaStudyApp/Services/BuilderStore.swift */,
				MPF095 /* InayaStudyApp/Games/Math/BubblePopGame.swift */,
				MPF096 /* InayaStudyApp/Games/Science/FrogFlyGame.swift */,
				MPF097 /* InayaStudyApp/Games/Science/ShadowMatchGame.swift */,
				MPF098 /* InayaStudyApp/Games/Science/PotionLabGame.swift */,
				MPF099 /* InayaStudyApp/Games/Cross/UnderwaterExpeditionGame.swift */,
				MPF101 /* InayaStudyApp/Games/Math/MeteorMathGame.swift */,
				MPF102 /* InayaStudyApp/Games/Cross/MysteryIslandGame.swift */,
				MPF103 /* InayaStudyApp/Games/Math/TimeTravelerGame.swift */,
				MPF104 /* InayaStudyApp/Games/Science/TerrariumBuilderGame.swift */,
				MPF105 /* InayaStudyApp/Games/Math/TownBuilderGame.swift */,
				MPF035 /* InayaStudyApp/Views/QuizView.swift */,
				MPF066 /* InayaStudyApp/Views/Quiz/DifficultyNudgeBanner.swift */,
				MPF065 /* InayaStudyApp/Views/Quiz/QuizCountdownTimer.swift */,
				MPF064 /* InayaStudyApp/Views/Quiz/ReviewMissesView.swift */,
				MPF036 /* InayaStudyApp/Views/ResultsView.swift */,
				MPF037 /* InayaStudyApp/Views/ProgressView.swift */,
				MPF038 /* InayaStudyApp/Views/SettingsView.swift */,
				MPF039 /* InayaStudyApp/Views/Character/CharacterView.swift */,
				MPF040 /* InayaStudyApp/Views/Map/AdventureMapView.swift */,
				MPF211 /* InayaStudyApp/Views/Map/POTCatchUpMapView.swift */,
				MPF217 /* InayaStudyApp/Views/Map/MathPOT2AcademySectionView.swift */,
				MPF041 /* InayaStudyApp/Views/Map/StreakRowView.swift */,
				MPF042 /* InayaStudyApp/Views/Rewards/StarsEarnedView.swift */,
				MPF043 /* InayaStudyApp/Views/Rewards/RewardBadgeView.swift */,
				MPF044 /* InayaStudyApp/Views/Rewards/ProfileView.swift */,
				MPF045 /* InayaStudyApp/Views/Onboarding/OnboardingView.swift */,
				MPF046 /* InayaStudyApp/Views/Components/NumericKeypadView.swift */,
				MPF216 /* InayaStudyApp/Views/Components/POT2TopicBadge.swift */,
				MPF047 /* InayaStudyApp/Views/Components/AdventureNumpadView.swift */,
				MPF048 /* InayaStudyApp/Views/Components/SharedComponents.swift */,
				MPF049 /* InayaStudyApp/Views/Components/QuizKeyboardShortcuts.swift */,
				MPF050 /* InayaStudyApp/Views/Visuals/ClockFaceView.swift */,
				MPF051 /* InayaStudyApp/Views/Visuals/CoinRowView.swift */,
				MPF052 /* InayaStudyApp/Views/Visuals/NumberLineView.swift */,
				MPF053 /* InayaStudyApp/Views/Visuals/ArrayGridView.swift */,
				MPF054 /* InayaStudyApp/Views/Visuals/FractionCircleView.swift */,
				MPF055 /* InayaStudyApp/Views/Visuals/BarGraphView.swift */,
				MPF214 /* InayaStudyApp/Views/Visuals/LineGraphView.swift */,
				MPF215 /* InayaStudyApp/Views/Visuals/VennDiagramView.swift */,
				MPF056 /* InayaStudyApp/Views/Visuals/ProblemVisualView.swift */,
				MPF057 /* InayaStudyApp/Views/Visuals/MatterStateView.swift */,
				MPF058 /* InayaStudyApp/Views/Visuals/FoodChainView.swift */,
				MPF059 /* InayaStudyApp/Views/Visuals/LifeCycleView.swift */,
				MPF060 /* InayaStudyApp/Views/Visuals/ScienceToolView.swift */,
				MPF100 /* InayaStudyApp/Assets.xcassets */,
			);
			name = InayaStudyApp;
			sourceTree = "<group>";
		};
		MPG003 /* InayaStudyAppTests */ = {
			isa = PBXGroup;
			children = (
				MPF200 /* InayaStudyAppTests/ProblemGeneratorTests.swift */,
				MPF201 /* InayaStudyAppTests/ScienceProblemGeneratorTests.swift */,
				MPF202 /* InayaStudyAppTests/GameContentTests.swift */,
			);
			name = InayaStudyAppTests;
			sourceTree = "<group>";
		};
		MPG004 /* Products */ = {
			isa = PBXGroup;
			children = (
				MPF900 /* InayaStudyApp.app */,
				MPF901 /* InayaStudyAppTests.xctest */,
			);
			name = Products;
			sourceTree = "<group>";
		};
/* End PBXGroup section */

/* Begin PBXNativeTarget section */
		MPT001 /* InayaStudyApp */ = {
			isa = PBXNativeTarget;
			buildConfigurationList = MPC003 /* Build configuration list for PBXNativeTarget "InayaStudyApp" */;
			buildPhases = (
				MPE001 /* Sources */,
				MPP001 /* Frameworks */,
				MPE002 /* Resources */,
			);
			buildRules = (
			);
			dependencies = (
			);
			name = InayaStudyApp;
			productName = InayaStudyApp;
			productReference = MPF900 /* InayaStudyApp.app */;
			productType = "com.apple.product-type.application";
		};
		MPT002 /* InayaStudyAppTests */ = {
			isa = PBXNativeTarget;
			buildConfigurationList = MPC004 /* Build configuration list for PBXNativeTarget "InayaStudyAppTests" */;
			buildPhases = (
				MPE003 /* Sources */,
				MPP002 /* Frameworks */,
				MPE004 /* Resources */,
			);
			buildRules = (
			);
			dependencies = (
				MPD001 /* PBXTargetDependency */,
			);
			name = InayaStudyAppTests;
			productName = InayaStudyAppTests;
			productReference = MPF901 /* InayaStudyAppTests.xctest */;
			productType = "com.apple.product-type.bundle.unit-test";
		};
/* End PBXNativeTarget section */

/* Begin PBXProject section */
		MPP000 /* Project object */ = {
			isa = PBXProject;
			attributes = {
				BuildIndependentTargetsInParallel = 1;
				LastSwiftUpdateCheck = 1500;
				LastUpgradeCheck = 1500;
				TargetAttributes = {
					MPT002 = {
						CreatedOnToolsVersion = 15.0;
						TestTargetID = MPT001;
					};
				};
			};
			buildConfigurationList = MPC001 /* Build configuration list for PBXProject "InayaStudyApp" */;
			compatibilityVersion = "Xcode 14.0";
			developmentRegion = en;
			hasScannedForEncodings = 0;
			knownRegions = (
				en,
				Base,
			);
			mainGroup = MPG001;
			productRefGroup = MPG004 /* Products */;
			projectDirPath = "";
			projectRoot = "";
			targets = (
				MPT001 /* InayaStudyApp */,
				MPT002 /* InayaStudyAppTests */,
			);
		};
/* End PBXProject section */

/* Begin PBXResourcesBuildPhase section */
		MPE002 /* Resources */ = {
			isa = PBXResourcesBuildPhase;
			buildActionMask = 2147483647;
			files = (
				MPB100 /* InayaStudyApp/Assets.xcassets in Resources */,
			);
			runOnlyForDeploymentPostprocessing = 0;
		};
		MPE004 /* Resources */ = {
			isa = PBXResourcesBuildPhase;
			buildActionMask = 2147483647;
			files = (
			);
			runOnlyForDeploymentPostprocessing = 0;
		};
/* End PBXResourcesBuildPhase section */

/* Begin PBXSourcesBuildPhase section */
		MPE001 /* Sources */ = {
			isa = PBXSourcesBuildPhase;
			buildActionMask = 2147483647;
			files = (
				MPB001 /* InayaStudyApp/InayaStudyAppApp.swift in Sources */,
				MPB002 /* InayaStudyApp/Models/Topic.swift in Sources */,
				MPB003 /* InayaStudyApp/Models/TopicGame.swift in Sources */,
				MPB004 /* InayaStudyApp/Models/PersistenceModels.swift in Sources */,
				MPB005 /* InayaStudyApp/Models/CharacterState.swift in Sources */,
				MPB006 /* InayaStudyApp/Data/TopicRegistry.swift in Sources */,
				MPB007 /* InayaStudyApp/Data/AdventureMapLayout.swift in Sources */,
				MPB210 /* InayaStudyApp/Data/POTCatchUpCatalog.swift in Sources */,
				MPB212 /* InayaStudyApp/Data/MathPOT2Topics.swift in Sources */,
				MPB008 /* InayaStudyApp/Data/TopicStudyGuide.swift in Sources */,
				MPB009 /* InayaStudyApp/Services/ProblemGenerator.swift in Sources */,
				MPB213 /* InayaStudyApp/Services/POT2ProblemGenerator.swift in Sources */,
				MPB010 /* InayaStudyApp/Services/ScienceProblemGenerator.swift in Sources */,
				MPB011 /* InayaStudyApp/Services/ProgressStore.swift in Sources */,
				MPB012 /* InayaStudyApp/Services/SettingsStore.swift in Sources */,
				MPB013 /* InayaStudyApp/Services/RewardsStore.swift in Sources */,
				MPB014 /* InayaStudyApp/Services/UserProfileStore.swift in Sources */,
				MPB015 /* InayaStudyApp/ViewModels/QuizViewModel.swift in Sources */,
				MPB016 /* InayaStudyApp/Helpers/Theme.swift in Sources */,
				MPB017 /* InayaStudyApp/Helpers/Encouragement.swift in Sources */,
				MPB018 /* InayaStudyApp/Helpers/MapProgressHelper.swift in Sources */,
				MPB019 /* InayaStudyApp/Helpers/SoundEffects.swift in Sources */,
				MPB020 /* InayaStudyApp/Helpers/SpeechManager.swift in Sources */,
				MPB021 /* InayaStudyApp/Helpers/Haptics.swift in Sources */,
				MPB022 /* InayaStudyApp/Helpers/KeychainPIN.swift in Sources */,
				MPB023 /* InayaStudyApp/Views/RootView.swift in Sources */,
				MPB024 /* InayaStudyApp/Views/HomeView.swift in Sources */,
				MPB025 /* InayaStudyApp/Views/TopicGridView.swift in Sources */,
				MPB026 /* InayaStudyApp/Views/SessionSetupView.swift in Sources */,
				MPB027 /* InayaStudyApp/Views/Study/TopicActivityHubView.swift in Sources */,
				MPB028 /* InayaStudyApp/Views/Study/StudyWithSparkyView.swift in Sources */,
				MPB029 /* InayaStudyApp/Views/Games/GameShellView.swift in Sources */,
				MPB030 /* InayaStudyApp/Views/Games/SparkyMatchGameView.swift in Sources */,
				MPB031 /* InayaStudyApp/Views/Games/CoinCounterGameView.swift in Sources */,
				MPB032 /* InayaStudyApp/Views/Games/NumberHopGameView.swift in Sources */,
				MPB033 /* InayaStudyApp/Views/Games/LifeCycleLineupGameView.swift in Sources */,
				MPB034 /* InayaStudyApp/Views/Games/TopicGamesMenuView.swift in Sources */,
				MPB035 /* InayaStudyApp/Views/QuizView.swift in Sources */,
				MPB036 /* InayaStudyApp/Views/ResultsView.swift in Sources */,
				MPB037 /* InayaStudyApp/Views/ProgressView.swift in Sources */,
				MPB038 /* InayaStudyApp/Views/SettingsView.swift in Sources */,
				MPB039 /* InayaStudyApp/Views/Character/CharacterView.swift in Sources */,
				MPB040 /* InayaStudyApp/Views/Map/AdventureMapView.swift in Sources */,
				MPB211 /* InayaStudyApp/Views/Map/POTCatchUpMapView.swift in Sources */,
				MPB217 /* InayaStudyApp/Views/Map/MathPOT2AcademySectionView.swift in Sources */,
				MPB041 /* InayaStudyApp/Views/Map/StreakRowView.swift in Sources */,
				MPB042 /* InayaStudyApp/Views/Rewards/StarsEarnedView.swift in Sources */,
				MPB043 /* InayaStudyApp/Views/Rewards/RewardBadgeView.swift in Sources */,
				MPB044 /* InayaStudyApp/Views/Rewards/ProfileView.swift in Sources */,
				MPB045 /* InayaStudyApp/Views/Onboarding/OnboardingView.swift in Sources */,
				MPB046 /* InayaStudyApp/Views/Components/NumericKeypadView.swift in Sources */,
				MPB216 /* InayaStudyApp/Views/Components/POT2TopicBadge.swift in Sources */,
				MPB047 /* InayaStudyApp/Views/Components/AdventureNumpadView.swift in Sources */,
				MPB048 /* InayaStudyApp/Views/Components/SharedComponents.swift in Sources */,
				MPB049 /* InayaStudyApp/Views/Components/QuizKeyboardShortcuts.swift in Sources */,
				MPB050 /* InayaStudyApp/Views/Visuals/ClockFaceView.swift in Sources */,
				MPB051 /* InayaStudyApp/Views/Visuals/CoinRowView.swift in Sources */,
				MPB052 /* InayaStudyApp/Views/Visuals/NumberLineView.swift in Sources */,
				MPB053 /* InayaStudyApp/Views/Visuals/ArrayGridView.swift in Sources */,
				MPB054 /* InayaStudyApp/Views/Visuals/FractionCircleView.swift in Sources */,
				MPB055 /* InayaStudyApp/Views/Visuals/BarGraphView.swift in Sources */,
				MPB214 /* InayaStudyApp/Views/Visuals/LineGraphView.swift in Sources */,
				MPB215 /* InayaStudyApp/Views/Visuals/VennDiagramView.swift in Sources */,
				MPB056 /* InayaStudyApp/Views/Visuals/ProblemVisualView.swift in Sources */,
				MPB057 /* InayaStudyApp/Views/Visuals/MatterStateView.swift in Sources */,
				MPB058 /* InayaStudyApp/Views/Visuals/FoodChainView.swift in Sources */,
				MPB059 /* InayaStudyApp/Views/Visuals/LifeCycleView.swift in Sources */,
				MPB060 /* InayaStudyApp/Views/Visuals/ScienceToolView.swift in Sources */,
				MPB061 /* InayaStudyApp/Protocols/ProblemGenerating.swift in Sources */,
				MPB062 /* InayaStudyApp/Models/SwiftDataModels.swift in Sources */,
				MPB063 /* InayaStudyApp/Services/ProgressMigration.swift in Sources */,
				MPB064 /* InayaStudyApp/Views/Quiz/ReviewMissesView.swift in Sources */,
				MPB065 /* InayaStudyApp/Views/Quiz/QuizCountdownTimer.swift in Sources */,
				MPB066 /* InayaStudyApp/Views/Quiz/DifficultyNudgeBanner.swift in Sources */,
				MPB067 /* InayaStudyApp/Games/GameKit.swift in Sources */,
				MPB068 /* InayaStudyApp/Games/GameCatalog.swift in Sources */,
				MPB069 /* InayaStudyApp/Games/GameContent.swift in Sources */,
				MPB070 /* InayaStudyApp/Games/SuiteGameShell.swift in Sources */,
				MPB085 /* InayaStudyApp/Games/GameProgressBar.swift in Sources */,
				MPB071 /* InayaStudyApp/Services/GameSessionStore.swift in Sources */,
				MPB072 /* InayaStudyApp/Views/Games/GamesHubView.swift in Sources */,
				MPB073 /* InayaStudyApp/Games/GameRouter.swift in Sources */,
				MPB074 /* InayaStudyApp/Games/Math/NumberNinjaGame.swift in Sources */,
				MPB075 /* InayaStudyApp/Games/Math/CoinCollectorGame.swift in Sources */,
				MPB076 /* InayaStudyApp/Games/Math/FractionFeastGame.swift in Sources */,
				MPB077 /* InayaStudyApp/Games/Math/TimesBingoGame.swift in Sources */,
				MPB078 /* InayaStudyApp/Games/Math/NumberLineJumpGame.swift in Sources */,
				MPB079 /* InayaStudyApp/Games/Science/SortItGame.swift in Sources */,
				MPB080 /* InayaStudyApp/Games/Science/FoodWebBuilderGame.swift in Sources */,
				MPB081 /* InayaStudyApp/Games/Science/WeatherWatcherGame.swift in Sources */,
				MPB082 /* InayaStudyApp/Games/Cross/QuizShowGame.swift in Sources */,
				MPB083 /* InayaStudyApp/Games/Cross/DailyChallengeGame.swift in Sources */,
				MPB084 /* InayaStudyApp/Games/Cross/BossBattleGame.swift in Sources */,
				MPB086 /* InayaStudyApp/Data/CreatureCatalog.swift in Sources */,
				MPB087 /* InayaStudyApp/Helpers/StarChartHelper.swift in Sources */,
				MPB088 /* InayaStudyApp/Views/Collection/StarChartView.swift in Sources */,
				MPB089 /* InayaStudyApp/Views/Collection/CreatureCompendiumView.swift in Sources */,
				MPB090 /* InayaStudyApp/Games/Math/PatternPuzzlerGame.swift in Sources */,
				MPB091 /* InayaStudyApp/Games/Science/HabitatMatchGame.swift in Sources */,
				MPB092 /* InayaStudyApp/Games/Science/AnimalRescueGame.swift in Sources */,
				MPB093 /* InayaStudyApp/Games/Cross/MathDuelGame.swift in Sources */,
				MPB094 /* InayaStudyApp/Services/BuilderStore.swift in Sources */,
				MPB095 /* InayaStudyApp/Games/Math/BubblePopGame.swift in Sources */,
				MPB096 /* InayaStudyApp/Games/Science/FrogFlyGame.swift in Sources */,
				MPB097 /* InayaStudyApp/Games/Science/ShadowMatchGame.swift in Sources */,
				MPB098 /* InayaStudyApp/Games/Science/PotionLabGame.swift in Sources */,
				MPB099 /* InayaStudyApp/Games/Cross/UnderwaterExpeditionGame.swift in Sources */,
				MPB101 /* InayaStudyApp/Games/Math/MeteorMathGame.swift in Sources */,
				MPB110 /* InayaStudyApp/Games/Cross/MysteryIslandGame.swift in Sources */,
				MPB111 /* InayaStudyApp/Games/Math/TimeTravelerGame.swift in Sources */,
				MPB112 /* InayaStudyApp/Games/Science/TerrariumBuilderGame.swift in Sources */,
				MPB113 /* InayaStudyApp/Games/Math/TownBuilderGame.swift in Sources */,
				MPB115 /* InayaStudyApp/Services/SwiftDataSchemaMigration.swift in Sources */,
			);
			runOnlyForDeploymentPostprocessing = 0;
		};
		MPE003 /* Sources */ = {
			isa = PBXSourcesBuildPhase;
			buildActionMask = 2147483647;
			files = (
				MPB200 /* InayaStudyAppTests/ProblemGeneratorTests.swift in Sources */,
				MPB201 /* InayaStudyAppTests/ScienceProblemGeneratorTests.swift in Sources */,
				MPB202 /* InayaStudyAppTests/GameContentTests.swift in Sources */,
			);
			runOnlyForDeploymentPostprocessing = 0;
		};
/* End PBXSourcesBuildPhase section */

/* Begin PBXTargetDependency section */
		MPD001 /* PBXTargetDependency */ = {
			isa = PBXTargetDependency;
			target = MPT001 /* InayaStudyApp */;
			targetProxy = MPX001 /* PBXContainerItemProxy */;
		};
/* End PBXTargetDependency section */

/* Begin XCBuildConfiguration section */
		MPC005 /* Debug */ = {
			isa = XCBuildConfiguration;
			buildSettings = {
				ALWAYS_SEARCH_USER_PATHS = NO;
				CLANG_ENABLE_MODULES = YES;
				CLANG_ENABLE_OBJC_ARC = YES;
				COPY_PHASE_STRIP = NO;
				DEBUG_INFORMATION_FORMAT = dwarf;
				ENABLE_TESTABILITY = YES;
				GCC_OPTIMIZATION_LEVEL = 0;
				IPHONEOS_DEPLOYMENT_TARGET = 17.0;
				MACOSX_DEPLOYMENT_TARGET = 13.0;
				ONLY_ACTIVE_ARCH = YES;
				SDKROOT = iphoneos;
				SWIFT_ACTIVE_COMPILATION_CONDITIONS = DEBUG;
				SWIFT_OPTIMIZATION_LEVEL = "-Onone";
			};
			name = Debug;
		};
		MPC006 /* Release */ = {
			isa = XCBuildConfiguration;
			buildSettings = {
				ALWAYS_SEARCH_USER_PATHS = NO;
				CLANG_ENABLE_MODULES = YES;
				CLANG_ENABLE_OBJC_ARC = YES;
				COPY_PHASE_STRIP = NO;
				DEBUG_INFORMATION_FORMAT = "dwarf-with-dsym";
				ENABLE_NS_ASSERTIONS = NO;
				GCC_OPTIMIZATION_LEVEL = s;
				IPHONEOS_DEPLOYMENT_TARGET = 17.0;
				MACOSX_DEPLOYMENT_TARGET = 13.0;
				SDKROOT = iphoneos;
				SWIFT_COMPILATION_MODE = wholemodule;
				VALIDATE_PRODUCT = YES;
			};
			name = Release;
		};
		MPC007 /* Debug */ = {
			isa = XCBuildConfiguration;
			buildSettings = {
				ASSETCATALOG_COMPILER_APPICON_NAME = AppIcon;
				ASSETCATALOG_COMPILER_GLOBAL_ACCENT_COLOR_NAME = AccentColor;
				"CODE_SIGN_IDENTITY[sdk=macosx*]" = "-";
				CODE_SIGN_STYLE = Automatic;
				CURRENT_PROJECT_VERSION = 2;
				DERIVE_MACCATALYST_PRODUCT_BUNDLE_IDENTIFIER = YES;
				ENABLE_PREVIEWS = YES;
				GENERATE_INFOPLIST_FILE = YES;
				INFOPLIST_KEY_CFBundleDisplayName = "Inaya Study App";
				INFOPLIST_KEY_UIApplicationSupportsIndirectInputEvents = YES;
				IPHONEOS_DEPLOYMENT_TARGET = 17.0;
				LD_RUNPATH_SEARCH_PATHS = (
					"$(inherited)",
					"@executable_path/Frameworks",
				);
				MARKETING_VERSION = 1.0;
				PRODUCT_BUNDLE_IDENTIFIER = com.inaya.studyapp;
				PRODUCT_NAME = "$(TARGET_NAME)";
				SUPPORTS_MACCATALYST = YES;
				SWIFT_EMIT_LOC_STRINGS = YES;
				SWIFT_VERSION = 5.0;
				TARGETED_DEVICE_FAMILY = "1,2";
			};
			name = Debug;
		};
		MPC008 /* Release */ = {
			isa = XCBuildConfiguration;
			buildSettings = {
				ASSETCATALOG_COMPILER_APPICON_NAME = AppIcon;
				ASSETCATALOG_COMPILER_GLOBAL_ACCENT_COLOR_NAME = AccentColor;
				"CODE_SIGN_IDENTITY[sdk=macosx*]" = "-";
				CODE_SIGN_STYLE = Automatic;
				CURRENT_PROJECT_VERSION = 2;
				DERIVE_MACCATALYST_PRODUCT_BUNDLE_IDENTIFIER = YES;
				ENABLE_PREVIEWS = YES;
				GENERATE_INFOPLIST_FILE = YES;
				INFOPLIST_KEY_CFBundleDisplayName = "Inaya Study App";
				INFOPLIST_KEY_UIApplicationSupportsIndirectInputEvents = YES;
				IPHONEOS_DEPLOYMENT_TARGET = 17.0;
				LD_RUNPATH_SEARCH_PATHS = (
					"$(inherited)",
					"@executable_path/Frameworks",
				);
				MARKETING_VERSION = 1.0;
				PRODUCT_BUNDLE_IDENTIFIER = com.inaya.studyapp;
				PRODUCT_NAME = "$(TARGET_NAME)";
				SUPPORTS_MACCATALYST = YES;
				SWIFT_EMIT_LOC_STRINGS = YES;
				SWIFT_VERSION = 5.0;
				TARGETED_DEVICE_FAMILY = "1,2";
			};
			name = Release;
		};
		MPC009 /* Debug */ = {
			isa = XCBuildConfiguration;
			buildSettings = {
				BUNDLE_LOADER = "$(TEST_HOST)";
				CODE_SIGN_STYLE = Automatic;
				CURRENT_PROJECT_VERSION = 2;
				GENERATE_INFOPLIST_FILE = YES;
				IPHONEOS_DEPLOYMENT_TARGET = 17.0;
				MARKETING_VERSION = 1.0;
				PRODUCT_BUNDLE_IDENTIFIER = com.inaya.studyapp.tests;
				PRODUCT_NAME = "$(TARGET_NAME)";
				SWIFT_VERSION = 5.0;
				TEST_HOST = "$(BUILT_PRODUCTS_DIR)/InayaStudyApp.app/$(BUNDLE_EXECUTABLE_FOLDER_PATH)/InayaStudyApp";
			};
			name = Debug;
		};
		MPC010 /* Release */ = {
			isa = XCBuildConfiguration;
			buildSettings = {
				BUNDLE_LOADER = "$(TEST_HOST)";
				CODE_SIGN_STYLE = Automatic;
				CURRENT_PROJECT_VERSION = 2;
				GENERATE_INFOPLIST_FILE = YES;
				IPHONEOS_DEPLOYMENT_TARGET = 17.0;
				MARKETING_VERSION = 1.0;
				PRODUCT_BUNDLE_IDENTIFIER = com.inaya.studyapp.tests;
				PRODUCT_NAME = "$(TARGET_NAME)";
				SWIFT_VERSION = 5.0;
				TEST_HOST = "$(BUILT_PRODUCTS_DIR)/InayaStudyApp.app/$(BUNDLE_EXECUTABLE_FOLDER_PATH)/InayaStudyApp";
			};
			name = Release;
		};
/* End XCBuildConfiguration section */

/* Begin XCConfigurationList section */
		MPC001 /* Build configuration list for PBXProject "InayaStudyApp" */ = {
			isa = XCConfigurationList;
			buildConfigurations = (
				MPC005 /* Debug */,
				MPC006 /* Release */,
			);
			defaultConfigurationIsVisible = 0;
			defaultConfigurationName = Release;
		};
		MPC003 /* Build configuration list for PBXNativeTarget "InayaStudyApp" */ = {
			isa = XCConfigurationList;
			buildConfigurations = (
				MPC007 /* Debug */,
				MPC008 /* Release */,
			);
			defaultConfigurationIsVisible = 0;
			defaultConfigurationName = Release;
		};
		MPC004 /* Build configuration list for PBXNativeTarget "InayaStudyAppTests" */ = {
			isa = XCConfigurationList;
			buildConfigurations = (
				MPC009 /* Debug */,
				MPC010 /* Release */,
			);
			defaultConfigurationIsVisible = 0;
			defaultConfigurationName = Release;
		};
/* End XCConfigurationList section */
	};
	rootObject = MPP000 /* Project object */;
}
